
Microsoft Visual Studio Solution File, Format Version 12.00
# Visual Studio 15
VisualStudioVersion = 15.0.28010.2019
MinimumVisualStudioVersion = 10.0.40219.1
Project("{FAE04EC0-301F-11D3-BF4B-00C04F79EFBC}") = "Venture", "Venture\Venture.csproj", "{453BCB2C-94BF-4D5D-8CD6-08B8ED9794E3}"
EndProject
Project("{FAE04EC0-301F-11D3-BF4B-00C04F79EFBC}") = "PlayerIOClient", "PlayerIOClient\PlayerIOClient.csproj", "{3151B1BB-2F4B-4B56-91AA-448B9BFFB46F}"
EndProject
Global
	GlobalSection(SolutionConfigurationPlatforms) = preSolution
		Debug|Any CPU = Debug|Any CPU
		Release|Any CPU = Release|Any CPU
	EndGlobalSection
	GlobalSection(ProjectConfigurationPlatforms) = postSolution
		{453BCB2C-94BF-4D5D-8CD6-08B8ED9794E3}.Debug|Any CPU.ActiveCfg = Debug|Any CPU
		{453BCB2C-94BF-4D5D-8CD6-08B8ED9794E3}.Debug|Any CPU.Build.0 = Debug|Any CPU
		{453BCB2C-94BF-4D5D-8CD6-08B8ED9794E3}.Release|Any CPU.ActiveCfg = Release|Any CPU
		{453BCB2C-94BF-4D5D-8CD6-08B8ED9794E3}.Release|Any CPU.Build.0 = Release|Any CPU
		{3151B1BB-2F4B-4B56-91AA-448B9BFFB46F}.Debug|Any CPU.ActiveCfg = Debug|Any CPU
		{3151B1BB-2F4B-4B56-91AA-448B9BFFB46F}.Debug|Any CPU.Build.0 = Debug|Any CPU
		{3151B1BB-2F4B-4B56-91AA-448B9BFFB46F}.Release|Any CPU.ActiveCfg = Release|Any CPU
		{3151B1BB-2F4B-4B56-91AA-448B9BFFB46F}.Release|Any CPU.Build.0 = Release|Any CPU
	EndGlobalSection
	GlobalSection(SolutionProperties) = preSolution
		HideSolutionNode = FALSE
	EndGlobalSection
	GlobalSection(ExtensibilityGlobals) = postSolution
		SolutionGuid = {4C8120F1-F003-41FF-9345-A3CB8A0B379F}
	EndGlobalSection
EndGlobal
